// !$*UTF8*$!
{
	archiveVersion = 1;
	classes = {
	};
	objectVersion = 46;
	objects = {

/* Begin PBXBuildFile section */
		39DC7C421CB16F80007EAF23 /* main.m in Sources */ = {isa = PBXBuildFile; fileRef = 39DC7C411CB16F80007EAF23 /* main.m */; };
		39DC7C451CB16F80007EAF23 /* AppDelegate.m in Sources */ = {isa = PBXBuildFile; fileRef = 39DC7C441CB16F80007EAF23 /* AppDelegate.m */; };
		39DC7C481CB16F80007EAF23 /* RootViewController.m in Sources */ = {isa = PBXBuildFile; fileRef = 39DC7C471CB16F80007EAF23 /* RootViewController.m */; };
		39DC7C4B1CB16F80007EAF23 /* DataViewController.m in Sources */ = {isa = PBXBuildFile; fileRef = 39DC7C4A1CB16F80007EAF23 /* DataViewController.m */; };
		39DC7C4E1CB16F80007EAF23 /* ModelController.m in Sources */ = {isa = PBXBuildFile; fileRef = 39DC7C4D1CB16F80007EAF23 /* ModelController.m */; };
		39DC7C511CB16F80007EAF23 /* Main.storyboard in Resources */ = {isa = PBXBuildFile; fileRef = 39DC7C4F1CB16F80007EAF23 /* Main.storyboard */; };
		39DC7C531CB16F80007EAF23 /* Assets.xcassets in Resources */ = {isa = PBXBuildFile; fileRef = 39DC7C521CB16F80007EAF23 /* Assets.xcassets */; };
		39DC7C561CB16F80007EAF23 /* LaunchScreen.storyboard in Resources */ = {isa = PBXBuildFile; fileRef = 39DC7C541CB16F80007EAF23 /* LaunchScreen.storyboard */; };
		39DC7C621CB17015007EAF23 /* NSObject+RFEvent.m in Sources */ = {isa = PBXBuildFile; fileRef = 39DC7C611CB17015007EAF23 /* NSObject+RFEvent.m */; };
		39DC7C651CB17044007EAF23 /* RFEvent.m in Sources */ = {isa = PBXBuildFile; fileRef = 39DC7C641CB17044007EAF23 /* RFEvent.m */; };
/* End PBXBuildFile section */

/* Begin PBXFileReference section */
		39DC7C3D1CB16F80007EAF23 /* RFEventDemo.app */ = {isa = PBXFileReference; explicitFileType = wrapper.application; includeInIndex = 0; path = RFEventDemo.app; sourceTree = BUILT_PRODUCTS_DIR; };
		39DC7C411CB16F80007EAF23 /* main.m */ = {isa = PBXFileReference; lastKnownFileType = sourcecode.c.objc; path = main.m; sourceTree = "<group>"; };
		39DC7C431CB16F80007EAF23 /* AppDelegate.h */ = {isa = PBXFileReference; lastKnownFileType = sourcecode.c.h; path = AppDelegate.h; sourceTree = "<group>"; };
		39DC7C441CB16F80007EAF23 /* AppDelegate.m */ = {isa = PBXFileReference; lastKnownFileType = sourcecode.c.objc; path = AppDelegate.m; sourceTree = "<group>"; };
		39DC7C461CB16F80007EAF23 /* RootViewController.h */ = {isa = PBXFileReference; lastKnownFileType = sourcecode.c.h; path = RootViewController.h; sourceTree = "<group>"; };
		39DC7C471CB16F80007EAF23 /* RootViewController.m */ = {isa = PBXFileReference; lastKnownFileType = sourcecode.c.objc; path = RootViewController.m; sourceTree = "<group>"; };
		39DC7C491CB16F80007EAF23 /* DataViewController.h */ = {isa = PBXFileReference; lastKnownFileType = sourcecode.c.h; path = DataViewController.h; sourceTree = "<group>"; };
		39DC7C4A1CB16F80007EAF23 /* DataViewController.m */ = {isa = PBXFileReference; lastKnownFileType = sourcecode.c.objc; path = DataViewController.m; sourceTree = "<group>"; };
		39DC7C4C1CB16F80007EAF23 /* ModelController.h */ = {isa = PBXFileReference; lastKnownFileType = sourcecode.c.h; path = ModelController.h; sourceTree = "<group>"; };
		39DC7C4D1CB16F80007EAF23 /* ModelController.m */ = {isa = PBXFileReference; lastKnownFileType = sourcecode.c.objc; path = ModelController.m; sourceTree = "<group>"; };
		39DC7C501CB16F80007EAF23 /* Base */ = {isa = PBXFileReference; lastKnownFileType = file.storyboard; name = Base; path = Base.lproj/Main.storyboard; sourceTree = "<group>"; };
		39DC7C521CB16F80007EAF23 /* Assets.xcassets */ = {isa = PBXFileReference; lastKnownFileType = folder.assetcatalog; path = Assets.xcassets; sourceTree = "<group>"; };
		39DC7C551CB16F80007EAF23 /* Base */ = {isa = PBXFileReference; lastKnownFileType = file.storyboard; name = Base; path = Base.lproj/LaunchScreen.storyboard; sourceTree = "<group>"; };
		39DC7C571CB16F80007EAF23 /* Info.plist */ = {isa = PBXFileReference; lastKnownFileType = text.plist.xml; path = Info.plist; sourceTree = "<group>"; };
		39DC7C601CB17015007EAF23 /* NSObject+RFEvent.h */ = {isa = PBXFileReference; fileEncoding = 4; lastKnownFileType = sourcecode.c.h; path = "NSObject+RFEvent.h"; sourceTree = "<group>"; };
		39DC7C611CB17015007EAF23 /* NSObject+RFEvent.m */ = {isa = PBXFileReference; fileEncoding = 4; lastKnownFileType = sourcecode.c.objc; path = "NSObject+RFEvent.m"; sourceTree = "<group>"; };
		39DC7C631CB17044007EAF23 /* RFEvent.h */ = {isa = PBXFileReference; fileEncoding = 4; lastKnownFileType = sourcecode.c.h; path = RFEvent.h; sourceTree = "<group>"; };
		39DC7C641CB17044007EAF23 /* RFEvent.m */ = {isa = PBXFileReference; fileEncoding = 4; lastKnownFileType = sourcecode.c.objc; path = RFEvent.m; sourceTree = "<group>"; };
/* End PBXFileReference section */

/* Begin PBXFrameworksBuildPhase section */
		39DC7C3A1CB16F80007EAF23 /* Frameworks */ = {
			isa = PBXFrameworksBuildPhase;
			buildActionMask = 2147483647;
			files = (
			);
			runOnlyForDeploymentPostprocessing = 0;
		};
/* End PBXFrameworksBuildPhase section */

/* Begin PBXGroup section */
		39DC7C341CB16F80007EAF23 = {
			isa = PBXGroup;
			children = (
				39DC7C3F1CB16F80007EAF23 /* RFEventDemo */,
				39DC7C3E1CB16F80007EAF23 /* Products */,
			);
			sourceTree = "<group>";
		};
		39DC7C3E1CB16F80007EAF23 /* Products */ = {
			isa = PBXGroup;
			children = (
				39DC7C3D1CB16F80007EAF23 /* RFEventDemo.app */,
			);
			name = Products;
			sourceTree = "<group>";
		};
		39DC7C3F1CB16F80007EAF23 /* RFEventDemo */ = {
			isa = PBXGroup;
			children = (
				39DC7C5D1CB16FD2007EAF23 /* RFEvent */,
				39DC7C431CB16F80007EAF23 /* AppDelegate.h */,
				39DC7C441CB16F80007EAF23 /* AppDelegate.m */,
				39DC7C461CB16F80007EAF23 /* RootViewController.h */,
				39DC7C471CB16F80007EAF23 /* RootViewController.m */,
				39DC7C491CB16F80007EAF23 /* DataViewController.h */,
				39DC7C4A1CB16F80007EAF23 /* DataViewController.m */,
				39DC7C4C1CB16F80007EAF23 /* ModelController.h */,
				39DC7C4D1CB16F80007EAF23 /* ModelController.m */,
				39DC7C4F1CB16F80007EAF23 /* Main.storyboard */,
				39DC7C521CB16F80007EAF23 /* Assets.xcassets */,
				39DC7C541CB16F80007EAF23 /* LaunchScreen.storyboard */,
				39DC7C571CB16F80007EAF23 /* Info.plist */,
				39DC7C401CB16F80007EAF23 /* Supporting Files */,
			);
			path = RFEventDemo;
			sourceTree = "<group>";
		};
		39DC7C401CB16F80007EAF23 /* Supporting Files */ = {
			isa = PBXGroup;
			children = (
				39DC7C411CB16F80007EAF23 /* main.m */,
			);
			name = "Supporting Files";
			sourceTree = "<group>";
		};
		39DC7C5D1CB16FD2007EAF23 /* RFEvent */ = {
			isa = PBXGroup;
			children = (
				39DC7C601CB17015007EAF23 /* NSObject+RFEvent.h */,
				39DC7C611CB17015007EAF23 /* NSObject+RFEvent.m */,
				39DC7C631CB17044007EAF23 /* RFEvent.h */,
				39DC7C641CB17044007EAF23 /* RFEvent.m */,
			);
			path = RFEvent;
			sourceTree = SOURCE_ROOT;
		};
/* End PBXGroup section */

/* Begin PBXNativeTarget section */
		39DC7C3C1CB16F80007EAF23 /* RFEventDemo */ = {
			isa = PBXNativeTarget;
			buildConfigurationList = 39DC7C5A1CB16F80007EAF23 /* Build configuration list for PBXNativeTarget "RFEventDemo" */;
			buildPhases = (
				39DC7C391CB16F80007EAF23 /* Sources */,
				39DC7C3A1CB16F80007EAF23 /* Frameworks */,
				39DC7C3B1CB16F80007EAF23 /* Resources */,
			);
			buildRules = (
			);
			dependencies = (
			);
			name = RFEventDemo;
			productName = RFEventDemo;
			productReference = 39DC7C3D1CB16F80007EAF23 /* RFEventDemo.app */;
			productType = "com.apple.product-type.application";
		};
/* End PBXNativeTarget section */

/* Begin PBXProject section */
		39DC7C351CB16F80007EAF23 /* Project object */ = {
			isa = PBXProject;
			attributes = {
				LastUpgradeCheck = 0720;
				ORGANIZATIONNAME = GZH;
				TargetAttributes = {
					39DC7C3C1CB16F80007EAF23 = {
						CreatedOnToolsVersion = 7.2;
					};
				};
			};
			buildConfigurationList = 39DC7C381CB16F80007EAF23 /* Build configuration list for PBXProject "RFEventDemo" */;
			compatibilityVersion = "Xcode 3.2";
			developmentRegion = English;
			hasScannedForEncodings = 0;
			knownRegions = (
				en,
				Base,
			);
			mainGroup = 39DC7C341CB16F80007EAF23;
			productRefGroup = 39DC7C3E1CB16F80007EAF23 /* Products */;
			projectDirPath = "";
			projectRoot = "";
			targets = (
				39DC7C3C1CB16F80007EAF23 /* RFEventDemo */,
			);
		};
/* End PBXProject section */

/* Begin PBXResourcesBuildPhase section */
		39DC7C3B1CB16F80007EAF23 /* Resources */ = {
			isa = PBXResourcesBuildPhase;
			buildActionMask = 2147483647;
			files = (
				39DC7C561CB16F80007EAF23 /* LaunchScreen.storyboard in Resources */,
				39DC7C531CB16F80007EAF23 /* Assets.xcassets in Resources */,
				39DC7C511CB16F80007EAF23 /* Main.storyboard in Resources */,
			);
			runOnlyForDeploymentPostprocessing = 0;
		};
/* End PBXResourcesBuildPhase section */

/* Begin PBXSourcesBuildPhase section */
		39DC7C391CB16F80007EAF23 /* Sources */ = {
			isa = PBXSourcesBuildPhase;
			buildActionMask = 2147483647;
			files = (
				39DC7C621CB17015007EAF23 /* NSObject+RFEvent.m in Sources */,
				39DC7C4B1CB16F80007EAF23 /* DataViewController.m in Sources */,
				39DC7C451CB16F80007EAF23 /* AppDelegate.m in Sources */,
				39DC7C4E1CB16F80007EAF23 /* ModelController.m in Sources */,
				39DC7C651CB17044007EAF23 /* RFEvent.m in Sources */,
				39DC7C421CB16F80007EAF23 /* main.m in Sources */,
				39DC7C481CB16F80007EAF23 /* RootViewController.m in Sources */,
			);
			runOnlyForDeploymentPostprocessing = 0;
		};
/* End PBXSourcesBuildPhase section */

/* Begin PBXVariantGroup section */
		39DC7C4F1CB16F80007EAF23 /* Main.storyboard */ = {
			isa = PBXVariantGroup;
			children = (
				39DC7C501CB16F80007EAF23 /* Base */,
			);
			name = Main.storyboard;
			sourceTree = "<group>";
		};
		39DC7C541CB16F80007EAF23 /* LaunchScreen.storyboard */ = {
			isa = PBXVariantGroup;
			children = (
				39DC7C551CB16F80007EAF23 /* Base */,
			);
			name = LaunchScreen.storyboard;
			sourceTree = "<group>";
		};
/* End PBXVariantGroup section */

/* Begin XCBuildConfiguration section */
		39DC7C581CB16F80007EAF23 /* Debug */ = {
			isa = XCBuildConfiguration;
			buildSettings = {
				ALWAYS_SEARCH_USER_PATHS = NO;
				CLANG_CXX_LANGUAGE_STANDARD = "gnu++0x";
				CLANG_CXX_LIBRARY = "libc++";
				CLANG_ENABLE_MODULES = YES;
				CLANG_ENABLE_OBJC_ARC = YES;
				CLANG_WARN_BOOL_CONVERSION = YES;
				CLANG_WARN_CONSTANT_CONVERSION = YES;
				CLANG_WARN_DIRECT_OBJC_ISA_USAGE = YES_ERROR;
				CLANG_WARN_EMPTY_BODY = YES;
				CLANG_WARN_ENUM_CONVERSION = YES;
				CLANG_WARN_INT_CONVERSION = YES;
				CLANG_WARN_OBJC_ROOT_CLASS = YES_ERROR;
				CLANG_WARN_UNREACHABLE_CODE = YES;
				CLANG_WARN__DUPLICATE_METHOD_MATCH = YES;
				"CODE_SIGN_IDENTITY[sdk=iphoneos*]" = "iPhone Developer";
				COPY_PHASE_STRIP = NO;
				DEBUG_INFORMATION_FORMAT = dwarf;
				ENABLE_STRICT_OBJC_MSGSEND = YES;
				ENABLE_TESTABILITY = YES;
				GCC_C_LANGUAGE_STANDARD = gnu99;
				GCC_DYNAMIC_NO_PIC = NO;
				GCC_NO_COMMON_BLOCKS = YES;
				GCC_OPTIMIZATION_LEVEL = 0;
				GCC_PREPROCESSOR_DEFINITIONS = (
					"DEBUG=1",
					"$(inherited)",
				);
				GCC_WARN_64_TO_32_BIT_CONVERSION = YES;
				GCC_WARN_ABOUT_RETURN_TYPE = YES_ERROR;
				GCC_WARN_UNDECLARED_SELECTOR = YES;
				GCC_WARN_UNINITIALIZED_AUTOS = YES_AGGRESSIVE;
				GCC_WARN_UNUSED_FUNCTION = YES;
				GCC_WARN_UNUSED_VARIABLE = YES;
				IPHONEOS_DEPLOYMENT_TARGET = 9.2;
				MTL_ENABLE_DEBUG_INFO = YES;
				ONLY_ACTIVE_ARCH = YES;
				SDKROOT = iphoneos;
			};
			name = Debug;
		};
		39DC7C591CB16F80007EAF23 /* Release */ = {
			isa = XCBuildConfiguration;
			buildSettings = {
				ALWAYS_SEARCH_USER_PATHS = NO;
				CLANG_CXX_LANGUAGE_STANDARD = "gnu++0x";
				CLANG_CXX_LIBRARY = "libc++";
				CLANG_ENABLE_MODULES = YES;
				CLANG_ENABLE_OBJC_ARC = YES;
				CLANG_WARN_BOOL_CONVERSION = YES;
				CLANG_WARN_CONSTANT_CONVERSION = YES;
				CLANG_WARN_DIRECT_OBJC_ISA_USAGE = YES_ERROR;
				CLANG_WARN_EMPTY_BODY = YES;
				CLANG_WARN_ENUM_CONVERSION = YES;
				CLANG_WARN_INT_CONVERSION = YES;
				CLANG_WARN_OBJC_ROOT_CLASS = YES_ERROR;
				CLANG_WARN_UNREACHABLE_CODE = YES;
				CLANG_WARN__DUPLICATE_METHOD_MATCH = YES;
				"CODE_SIGN_IDENTITY[sdk=iphoneos*]" = "iPhone Developer";
				COPY_PHASE_STRIP = NO;
				DEBUG_INFORMATION_FORMAT = "dwarf-with-dsym";
				ENABLE_NS_ASSERTIONS = NO;
				ENABLE_STRICT_OBJC_MSGSEND = YES;
				GCC_C_LANGUAGE_STANDARD = gnu99;
				GCC_NO_COMMON_BLOCKS = YES;
				GCC_WARN_64_TO_32_BIT_CONVERSION = YES;
				GCC_WARN_ABOUT_RETURN_TYPE = YES_ERROR;
				GCC_WARN_UNDECLARED_SELECTOR = YES;
				GCC_WARN_UNINITIALIZED_AUTOS = YES_AGGRESSIVE;
				GCC_WARN_UNUSED_FUNCTION = YES;
				GCC_WARN_UNUSED_VARIABLE = YES;
				IPHONEOS_DEPLOYMENT_TARGET = 9.2;
				MTL_ENABLE_DEBUG_INFO = NO;
				SDKROOT = iphoneos;
				VALIDATE_PRODUCT = YES;
			};
			name = Release;
		};
		39DC7C5B1CB16F80007EAF23 /* Debug */ = {
			isa = XCBuildConfiguration;
			buildSettings = {
				ASSETCATALOG_COMPILER_APPICON_NAME = AppIcon;
				INFOPLIST_FILE = RFEventDemo/Info.plist;
				LD_RUNPATH_SEARCH_PATHS = "$(inherited) @executable_path/Frameworks";
				PRODUCT_BUNDLE_IDENTIFIER = GZH.RFEventDemo;
				PRODUCT_NAME = "$(TARGET_NAME)";
			};
			name = Debug;
		};
		39DC7C5C1CB16F80007EAF23 /* Release */ = {
			isa = XCBuildConfiguration;
			buildSettings = {
				ASSETCATALOG_COMPILER_APPICON_NAME = AppIcon;
				INFOPLIST_FILE = RFEventDemo/Info.plist;
				LD_RUNPATH_SEARCH_PATHS = "$(inherited) @executable_path/Frameworks";
				PRODUCT_BUNDLE_IDENTIFIER = GZH.RFEventDemo;
				PRODUCT_NAME = "$(TARGET_NAME)";
			};
			name = Release;
		};
/* End XCBuildConfiguration section */

/* Begin XCConfigurationList section */
		39DC7C381CB16F80007EAF23 /* Build configuration list for PBXProject "RFEventDemo" */ = {
			isa = XCConfigurationList;
			buildConfigurations = (
				39DC7C581CB16F80007EAF23 /* Debug */,
				39DC7C591CB16F80007EAF23 /* Release */,
			);
			defaultConfigurationIsVisible = 0;
			defaultConfigurationName = Release;
		};
		39DC7C5A1CB16F80007EAF23 /* Build configuration list for PBXNativeTarget "RFEventDemo" */ = {
			isa = XCConfigurationList;
			buildConfigurations = (
				39DC7C5B1CB16F80007EAF23 /* Debug */,
				39DC7C5C1CB16F80007EAF23 /* Release */,
			);
			defaultConfigurationIsVisible = 0;
		};
/* End XCConfigurationList section */
	};
	rootObject = 39DC7C351CB16F80007EAF23 /* Project object */;
}
